
Microsoft Visual Studio Solution File, Format Version 12.00
# Visual Studio Version 17
VisualStudioVersion = 17.8.34511.84
MinimumVisualStudioVersion = 10.0.40219.1
Project("{FAE04EC0-301F-11D3-BF4B-00C04F79EFBC}") = "Word Adventure Game", "Word Adventure Game\Word Adventure Game.csproj", "{53653C36-9906-4C78-B5D3-EF0AD54A84D1}"
EndProject
Global
	GlobalSection(SolutionConfigurationPlatforms) = preSolution
		Debug|Any CPU = Debug|Any CPU
		Release|Any CPU = Release|Any CPU
	EndGlobalSection
	GlobalSection(ProjectConfigurationPlatforms) = postSolution
		{53653C36-9906-4C78-B5D3-EF0AD54A84D1}.Debug|Any CPU.ActiveCfg = Debug|Any CPU
		{53653C36-9906-4C78-B5D3-EF0AD54A84D1}.Debug|Any CPU.Build.0 = Debug|Any CPU
		{53653C36-9906-4C78-B5D3-EF0AD54A84D1}.Release|Any CPU.ActiveCfg = Release|Any CPU
		{53653C36-9906-4C78-B5D3-EF0AD54A84D1}.Release|Any CPU.Build.0 = Release|Any CPU
	EndGlobalSection
	GlobalSection(SolutionProperties) = preSolution
		HideSolutionNode = FALSE
	EndGlobalSection
	GlobalSection(ExtensibilityGlobals) = postSolution
		SolutionGuid = {4A0AB517-5069-4267-8A42-91949387BB01}
	EndGlobalSection
EndGlobal
